
Microsoft Visual Studio Solution File, Format Version 12.00
# Visual Studio Version 16
VisualStudioVersion = 16.0.32802.440
MinimumVisualStudioVersion = 10.0.40219.1
Project("{FAE04EC0-301F-11D3-BF4B-00C04F79EFBC}") = "OdataPractice", "OdataPractice\OdataPractice.csproj", "{CDC10492-0E1F-431A-963D-DD680C9F392F}"
EndProject
Global
	GlobalSection(SolutionConfigurationPlatforms) = preSolution
		Debug|Any CPU = Debug|Any CPU
		Release|Any CPU = Release|Any CPU
	EndGlobalSection
	GlobalSection(ProjectConfigurationPlatforms) = postSolution
		{CDC10492-0E1F-431A-963D-DD680C9F392F}.Debug|Any CPU.ActiveCfg = Debug|Any CPU
		{CDC10492-0E1F-431A-963D-DD680C9F392F}.Debug|Any CPU.Build.0 = Debug|Any CPU
		{CDC10492-0E1F-431A-963D-DD680C9F392F}.Release|Any CPU.ActiveCfg = Release|Any CPU
		{CDC10492-0E1F-431A-963D-DD680C9F392F}.Release|Any CPU.Build.0 = Release|Any CPU
	EndGlobalSection
	GlobalSection(SolutionProperties) = preSolution
		HideSolutionNode = FALSE
	EndGlobalSection
	GlobalSection(ExtensibilityGlobals) = postSolution
		SolutionGuid = {5FAFFF5D-332F-4218-A843-4E9568D89485}
	EndGlobalSection
EndGlobal
